<Solution>
  <Configurations>
    <Platform Name="x64" />
    <Platform Name="x86" />
  </Configurations>
  <Project Path="MVC/MVC.vcxproj" Id="0c5b7792-a35a-47d9-85be-26a64488e03e" />
  <Project Path="SampleOrderSystem/SampleOrderSystem.vcxproj" Id="35604193-33a8-4fbc-90d9-91fb9e679eba" />
</Solution>
